
Microsoft Visual Studio Solution File, Format Version 12.00
# Visual Studio Version 17
VisualStudioVersion = 17.5.33627.172
MinimumVisualStudioVersion = 10.0.40219.1
Project("{888888A0-9F3D-457C-B088-3A5042F75D52}") = "Data_Analysis", "Data_Analysis\Data_Analysis.pyproj", "{B9E72A18-931D-4629-9D42-DB01D007798F}"
EndProject
Global
	GlobalSection(SolutionConfigurationPlatforms) = preSolution
		Debug|Any CPU = Debug|Any CPU
		Release|Any CPU = Release|Any CPU
	EndGlobalSection
	GlobalSection(ProjectConfigurationPlatforms) = postSolution
		{B9E72A18-931D-4629-9D42-DB01D007798F}.Debug|Any CPU.ActiveCfg = Debug|Any CPU
		{B9E72A18-931D-4629-9D42-DB01D007798F}.Release|Any CPU.ActiveCfg = Release|Any CPU
	EndGlobalSection
	GlobalSection(SolutionProperties) = preSolution
		HideSolutionNode = FALSE
	EndGlobalSection
	GlobalSection(ExtensibilityGlobals) = postSolution
		SolutionGuid = {0D272088-27F9-478C-A363-66B098833583}
	EndGlobalSection
EndGlobal
